{
    "_meta": {
        "hash": {
            "sha256": "b7e24eaea983a3b10af5522b531a36216adeed46dfa5d5a0317c94a9ccc38154"
        },
        "pipfile-spec": 6,
        "requires": {
            "python_version": "3.8"
        },
        "sources": [
            {
                "name": "custom",
                "url": "https://pypi.tuna.tsinghua.edu.cn/simple",
                "verify_ssl": true
            }
        ]
    },
    "default": {},
    "develop": {}
}
